// !$*UTF8*$!
{
	archiveVersion = 1;
	classes = {
	};
	objectVersion = 56;
	objects = {

/* Begin PBXBuildFile section */
		C3BD85842C57C99C00DCBF57 /* AirBnBCloneApp.swift in Sources */ = {isa = PBXBuildFile; fileRef = C3BD85832C57C99C00DCBF57 /* AirBnBCloneApp.swift */; };
		C3BD85862C57C99C00DCBF57 /* ContentView.swift in Sources */ = {isa = PBXBuildFile; fileRef = C3BD85852C57C99C00DCBF57 /* ContentView.swift */; };
		C3BD85882C57C99E00DCBF57 /* Assets.xcassets in Resources */ = {isa = PBXBuildFile; fileRef = C3BD85872C57C99E00DCBF57 /* Assets.xcassets */; };
		C3BD858B2C57C99E00DCBF57 /* Preview Assets.xcassets in Resources */ = {isa = PBXBuildFile; fileRef = C3BD858A2C57C99E00DCBF57 /* Preview Assets.xcassets */; };
		C3BD85952C57C99E00DCBF57 /* AirBnBCloneTests.swift in Sources */ = {isa = PBXBuildFile; fileRef = C3BD85942C57C99E00DCBF57 /* AirBnBCloneTests.swift */; };
		C3BD859F2C57C99E00DCBF57 /* AirBnBCloneUITests.swift in Sources */ = {isa = PBXBuildFile; fileRef = C3BD859E2C57C99E00DCBF57 /* AirBnBCloneUITests.swift */; };
		C3BD85A12C57C99E00DCBF57 /* AirBnBCloneUITestsLaunchTests.swift in Sources */ = {isa = PBXBuildFile; fileRef = C3BD85A02C57C99E00DCBF57 /* AirBnBCloneUITestsLaunchTests.swift */; };
/* End PBXBuildFile section */

/* Begin PBXContainerItemProxy section */
		C3BD85912C57C99E00DCBF57 /* PBXContainerItemProxy */ = {
			isa = PBXContainerItemProxy;
			containerPortal = C3BD85782C57C99C00DCBF57 /* Project object */;
			proxyType = 1;
			remoteGlobalIDString = C3BD857F2C57C99C00DCBF57;
			remoteInfo = AirBnBClone;
		};
		C3BD859B2C57C99E00DCBF57 /* PBXContainerItemProxy */ = {
			isa = PBXContainerItemProxy;
			containerPortal = C3BD85782C57C99C00DCBF57 /* Project object */;
			proxyType = 1;
			remoteGlobalIDString = C3BD857F2C57C99C00DCBF57;
			remoteInfo = AirBnBClone;
		};
/* End PBXContainerItemProxy section */

/* Begin PBXFileReference section */
		C3BD85802C57C99C00DCBF57 /* AirBnBClone.app */ = {isa = PBXFileReference; explicitFileType = wrapper.application; includeInIndex = 0; path = AirBnBClone.app; sourceTree = BUILT_PRODUCTS_DIR; };
		C3BD85832C57C99C00DCBF57 /* AirBnBCloneApp.swift */ = {isa = PBXFileReference; lastKnownFileType = sourcecode.swift; path = AirBnBCloneApp.swift; sourceTree = "<group>"; };
		C3BD85852C57C99C00DCBF57 /* ContentView.swift */ = {isa = PBXFileReference; lastKnownFileType = sourcecode.swift; path = ContentView.swift; sourceTree = "<group>"; };
		C3BD85872C57C99E00DCBF57 /* Assets.xcassets */ = {isa = PBXFileReference; lastKnownFileType = folder.assetcatalog; path = Assets.xcassets; sourceTree = "<group>"; };
		C3BD858A2C57C99E00DCBF57 /* Preview Assets.xcassets */ = {isa = PBXFileReference; lastKnownFileType = folder.assetcatalog; path = "Preview Assets.xcassets"; sourceTree = "<group>"; };
		C3BD85902C57C99E00DCBF57 /* AirBnBCloneTests.xctest */ = {isa = PBXFileReference; explicitFileType = wrapper.cfbundle; includeInIndex = 0; path = AirBnBCloneTests.xctest; sourceTree = BUILT_PRODUCTS_DIR; };
		C3BD85942C57C99E00DCBF57 /* AirBnBCloneTests.swift */ = {isa = PBXFileReference; lastKnownFileType = sourcecode.swift; path = AirBnBCloneTests.swift; sourceTree = "<group>"; };
		C3BD859A2C57C99E00DCBF57 /* AirBnBCloneUITests.xctest */ = {isa = PBXFileReference; explicitFileType = wrapper.cfbundle; includeInIndex = 0; path = AirBnBCloneUITests.xctest; sourceTree = BUILT_PRODUCTS_DIR; };
		C3BD859E2C57C99E00DCBF57 /* AirBnBCloneUITests.swift */ = {isa = PBXFileReference; lastKnownFileType = sourcecode.swift; path = AirBnBCloneUITests.swift; sourceTree = "<group>"; };
		C3BD85A02C57C99E00DCBF57 /* AirBnBCloneUITestsLaunchTests.swift */ = {isa = PBXFileReference; lastKnownFileType = sourcecode.swift; path = AirBnBCloneUITestsLaunchTests.swift; sourceTree = "<group>"; };
/* End PBXFileReference section */

/* Begin PBXFrameworksBuildPhase section */
		C3BD857D2C57C99C00DCBF57 /* Frameworks */ = {
			isa = PBXFrameworksBuildPhase;
			buildActionMask = 2147483647;
			files = (
			);
			runOnlyForDeploymentPostprocessing = 0;
		};
		C3BD858D2C57C99E00DCBF57 /* Frameworks */ = {
			isa = PBXFrameworksBuildPhase;
			buildActionMask = 2147483647;
			files = (
			);
			runOnlyForDeploymentPostprocessing = 0;
		};
		C3BD85972C57C99E00DCBF57 /* Frameworks */ = {
			isa = PBXFrameworksBuildPhase;
			buildActionMask = 2147483647;
			files = (
			);
			runOnlyForDeploymentPostprocessing = 0;
		};
/* End PBXFrameworksBuildPhase section */

/* Begin PBXGroup section */
		C3BD85772C57C99C00DCBF57 = {
			isa = PBXGroup;
			children = (
				C3BD85822C57C99C00DCBF57 /* AirBnBClone */,
				C3BD85932C57C99E00DCBF57 /* AirBnBCloneTests */,
				C3BD859D2C57C99E00DCBF57 /* AirBnBCloneUITests */,
				C3BD85812C57C99C00DCBF57 /* Products */,
			);
			sourceTree = "<group>";
		};
		C3BD85812C57C99C00DCBF57 /* Products */ = {
			isa = PBXGroup;
			children = (
				C3BD85802C57C99C00DCBF57 /* AirBnBClone.app */,
				C3BD85902C57C99E00DCBF57 /* AirBnBCloneTests.xctest */,
				C3BD859A2C57C99E00DCBF57 /* AirBnBCloneUITests.xctest */,
			);
			name = Products;
			sourceTree = "<group>";
		};
		C3BD85822C57C99C00DCBF57 /* AirBnBClone */ = {
			isa = PBXGroup;
			children = (
				C3BD85832C57C99C00DCBF57 /* AirBnBCloneApp.swift */,
				C3BD85852C57C99C00DCBF57 /* ContentView.swift */,
				C3BD85872C57C99E00DCBF57 /* Assets.xcassets */,
				C3BD85892C57C99E00DCBF57 /* Preview Content */,
			);
			path = AirBnBClone;
			sourceTree = "<group>";
		};
		C3BD85892C57C99E00DCBF57 /* Preview Content */ = {
			isa = PBXGroup;
			children = (
				C3BD858A2C57C99E00DCBF57 /* Preview Assets.xcassets */,
			);
			path = "Preview Content";
			sourceTree = "<group>";
		};
		C3BD85932C57C99E00DCBF57 /* AirBnBCloneTests */ = {
			isa = PBXGroup;
			children = (
				C3BD85942C57C99E00DCBF57 /* AirBnBCloneTests.swift */,
			);
			path = AirBnBCloneTests;
			sourceTree = "<group>";
		};
		C3BD859D2C57C99E00DCBF57 /* AirBnBCloneUITests */ = {
			isa = PBXGroup;
			children = (
				C3BD859E2C57C99E00DCBF57 /* AirBnBCloneUITests.swift */,
				C3BD85A02C57C99E00DCBF57 /* AirBnBCloneUITestsLaunchTests.swift */,
			);
			path = AirBnBCloneUITests;
			sourceTree = "<group>";
		};
/* End PBXGroup section */

/* Begin PBXNativeTarget section */
		C3BD857F2C57C99C00DCBF57 /* AirBnBClone */ = {
			isa = PBXNativeTarget;
			buildConfigurationList = C3BD85A42C57C99E00DCBF57 /* Build configuration list for PBXNativeTarget "AirBnBClone" */;
			buildPhases = (
				C3BD857C2C57C99C00DCBF57 /* Sources */,
				C3BD857D2C57C99C00DCBF57 /* Frameworks */,
				C3BD857E2C57C99C00DCBF57 /* Resources */,
			);
			buildRules = (
			);
			dependencies = (
			);
			name = AirBnBClone;
			productName = AirBnBClone;
			productReference = C3BD85802C57C99C00DCBF57 /* AirBnBClone.app */;
			productType = "com.apple.product-type.application";
		};
		C3BD858F2C57C99E00DCBF57 /* AirBnBCloneTests */ = {
			isa = PBXNativeTarget;
			buildConfigurationList = C3BD85A72C57C99E00DCBF57 /* Build configuration list for PBXNativeTarget "AirBnBCloneTests" */;
			buildPhases = (
				C3BD858C2C57C99E00DCBF57 /* Sources */,
				C3BD858D2C57C99E00DCBF57 /* Frameworks */,
				C3BD858E2C57C99E00DCBF57 /* Resources */,
			);
			buildRules = (
			);
			dependencies = (
				C3BD85922C57C99E00DCBF57 /* PBXTargetDependency */,
			);
			name = AirBnBCloneTests;
			productName = AirBnBCloneTests;
			productReference = C3BD85902C57C99E00DCBF57 /* AirBnBCloneTests.xctest */;
			productType = "com.apple.product-type.bundle.unit-test";
		};
		C3BD85992C57C99E00DCBF57 /* AirBnBCloneUITests */ = {
			isa = PBXNativeTarget;
			buildConfigurationList = C3BD85AA2C57C99E00DCBF57 /* Build configuration list for PBXNativeTarget "AirBnBCloneUITests" */;
			buildPhases = (
				C3BD85962C57C99E00DCBF57 /* Sources */,
				C3BD85972C57C99E00DCBF57 /* Frameworks */,
				C3BD85982C57C99E00DCBF57 /* Resources */,
			);
			buildRules = (
			);
			dependencies = (
				C3BD859C2C57C99E00DCBF57 /* PBXTargetDependency */,
			);
			name = AirBnBCloneUITests;
			productName = AirBnBCloneUITests;
			productReference = C3BD859A2C57C99E00DCBF57 /* AirBnBCloneUITests.xctest */;
			productType = "com.apple.product-type.bundle.ui-testing";
		};
/* End PBXNativeTarget section */

/* Begin PBXProject section */
		C3BD85782C57C99C00DCBF57 /* Project object */ = {
			isa = PBXProject;
			attributes = {
				BuildIndependentTargetsInParallel = 1;
				LastSwiftUpdateCheck = 1540;
				LastUpgradeCheck = 1540;
				TargetAttributes = {
					C3BD857F2C57C99C00DCBF57 = {
						CreatedOnToolsVersion = 15.4;
					};
					C3BD858F2C57C99E00DCBF57 = {
						CreatedOnToolsVersion = 15.4;
						TestTargetID = C3BD857F2C57C99C00DCBF57;
					};
					C3BD85992C57C99E00DCBF57 = {
						CreatedOnToolsVersion = 15.4;
						TestTargetID = C3BD857F2C57C99C00DCBF57;
					};
				};
			};
			buildConfigurationList = C3BD857B2C57C99C00DCBF57 /* Build configuration list for PBXProject "AirBnBClone" */;
			compatibilityVersion = "Xcode 14.0";
			developmentRegion = en;
			hasScannedForEncodings = 0;
			knownRegions = (
				en,
				Base,
			);
			mainGroup = C3BD85772C57C99C00DCBF57;
			productRefGroup = C3BD85812C57C99C00DCBF57 /* Products */;
			projectDirPath = "";
			projectRoot = "";
			targets = (
				C3BD857F2C57C99C00DCBF57 /* AirBnBClone */,
				C3BD858F2C57C99E00DCBF57 /* AirBnBCloneTests */,
				C3BD85992C57C99E00DCBF57 /* AirBnBCloneUITests */,
			);
		};
/* End PBXProject section */

/* Begin PBXResourcesBuildPhase section */
		C3BD857E2C57C99C00DCBF57 /* Resources */ = {
			isa = PBXResourcesBuildPhase;
			buildActionMask = 2147483647;
			files = (
				C3BD858B2C57C99E00DCBF57 /* Preview Assets.xcassets in Resources */,
				C3BD85882C57C99E00DCBF57 /* Assets.xcassets in Resources */,
			);
			runOnlyForDeploymentPostprocessing = 0;
		};
		C3BD858E2C57C99E00DCBF57 /* Resources */ = {
			isa = PBXResourcesBuildPhase;
			buildActionMask = 2147483647;
			files = (
			);
			runOnlyForDeploymentPostprocessing = 0;
		};
		C3BD85982C57C99E00DCBF57 /* Resources */ = {
			isa = PBXResourcesBuildPhase;
			buildActionMask = 2147483647;
			files = (
			);
			runOnlyForDeploymentPostprocessing = 0;
		};
/* End PBXResourcesBuildPhase section */

/* Begin PBXSourcesBuildPhase section */
		C3BD857C2C57C99C00DCBF57 /* Sources */ = {
			isa = PBXSourcesBuildPhase;
			buildActionMask = 2147483647;
			files = (
				C3BD85862C57C99C00DCBF57 /* ContentView.swift in Sources */,
				C3BD85842C57C99C00DCBF57 /* AirBnBCloneApp.swift in Sources */,
			);
			runOnlyForDeploymentPostprocessing = 0;
		};
		C3BD858C2C57C99E00DCBF57 /* Sources */ = {
			isa = PBXSourcesBuildPhase;
			buildActionMask = 2147483647;
			files = (
				C3BD85952C57C99E00DCBF57 /* AirBnBCloneTests.swift in Sources */,
			);
			runOnlyForDeploymentPostprocessing = 0;
		};
		C3BD85962C57C99E00DCBF57 /* Sources */ = {
			isa = PBXSourcesBuildPhase;
			buildActionMask = 2147483647;
			files = (
				C3BD85A12C57C99E00DCBF57 /* AirBnBCloneUITestsLaunchTests.swift in Sources */,
				C3BD859F2C57C99E00DCBF57 /* AirBnBCloneUITests.swift in Sources */,
			);
			runOnlyForDeploymentPostprocessing = 0;
		};
/* End PBXSourcesBuildPhase section */

/* Begin PBXTargetDependency section */
		C3BD85922C57C99E00DCBF57 /* PBXTargetDependency */ = {
			isa = PBXTargetDependency;
			target = C3BD857F2C57C99C00DCBF57 /* AirBnBClone */;
			targetProxy = C3BD85912C57C99E00DCBF57 /* PBXContainerItemProxy */;
		};
		C3BD859C2C57C99E00DCBF57 /* PBXTargetDependency */ = {
			isa = PBXTargetDependency;
			target = C3BD857F2C57C99C00DCBF57 /* AirBnBClone */;
			targetProxy = C3BD859B2C57C99E00DCBF57 /* PBXContainerItemProxy */;
		};
/* End PBXTargetDependency section */

/* Begin XCBuildConfiguration section */
		C3BD85A22C57C99E00DCBF57 /* Debug */ = {
			isa = XCBuildConfiguration;
			buildSettings = {
				ALWAYS_SEARCH_USER_PATHS = NO;
				ASSETCATALOG_COMPILER_GENERATE_SWIFT_ASSET_SYMBOL_EXTENSIONS = YES;
				CLANG_ANALYZER_NONNULL = YES;
				CLANG_ANALYZER_NUMBER_OBJECT_CONVERSION = YES_AGGRESSIVE;
				CLANG_CXX_LANGUAGE_STANDARD = "gnu++20";
				CLANG_ENABLE_MODULES = YES;
				CLANG_ENABLE_OBJC_ARC = YES;
				CLANG_ENABLE_OBJC_WEAK = YES;
				CLANG_WARN_BLOCK_CAPTURE_AUTORELEASING = YES;
				CLANG_WARN_BOOL_CONVERSION = YES;
				CLANG_WARN_COMMA = YES;
				CLANG_WARN_CONSTANT_CONVERSION = YES;
				CLANG_WARN_DEPRECATED_OBJC_IMPLEMENTATIONS = YES;
				CLANG_WARN_DIRECT_OBJC_ISA_USAGE = YES_ERROR;
				CLANG_WARN_DOCUMENTATION_COMMENTS = YES;
				CLANG_WARN_EMPTY_BODY = YES;
				CLANG_WARN_ENUM_CONVERSION = YES;
				CLANG_WARN_INFINITE_RECURSION = YES;
				CLANG_WARN_INT_CONVERSION = YES;
				CLANG_WARN_NON_LITERAL_NULL_CONVERSION = YES;
				CLANG_WARN_OBJC_IMPLICIT_RETAIN_SELF = YES;
				CLANG_WARN_OBJC_LITERAL_CONVERSION = YES;
				CLANG_WARN_OBJC_ROOT_CLASS = YES_ERROR;
				CLANG_WARN_QUOTED_INCLUDE_IN_FRAMEWORK_HEADER = YES;
				CLANG_WARN_RANGE_LOOP_ANALYSIS = YES;
				CLANG_WARN_STRICT_PROTOTYPES = YES;
				CLANG_WARN_SUSPICIOUS_MOVE = YES;
				CLANG_WARN_UNGUARDED_AVAILABILITY = YES_AGGRESSIVE;
				CLANG_WARN_UNREACHABLE_CODE = YES;
				CLANG_WARN__DUPLICATE_METHOD_MATCH = YES;
				COPY_PHASE_STRIP = NO;
				DEBUG_INFORMATION_FORMAT = dwarf;
				ENABLE_STRICT_OBJC_MSGSEND = YES;
				ENABLE_TESTABILITY = YES;
				ENABLE_USER_SCRIPT_SANDBOXING = YES;
				GCC_C_LANGUAGE_STANDARD = gnu17;
				GCC_DYNAMIC_NO_PIC = NO;
				GCC_NO_COMMON_BLOCKS = YES;
				GCC_OPTIMIZATION_LEVEL = 0;
				GCC_PREPROCESSOR_DEFINITIONS = (
					"DEBUG=1",
					"$(inherited)",
				);
				GCC_WARN_64_TO_32_BIT_CONVERSION = YES;
				GCC_WARN_ABOUT_RETURN_TYPE = YES_ERROR;
				GCC_WARN_UNDECLARED_SELECTOR = YES;
				GCC_WARN_UNINITIALIZED_AUTOS = YES_AGGRESSIVE;
				GCC_WARN_UNUSED_FUNCTION = YES;
				GCC_WARN_UNUSED_VARIABLE = YES;
				IPHONEOS_DEPLOYMENT_TARGET = 17.5;
				LOCALIZATION_PREFERS_STRING_CATALOGS = YES;
				MTL_ENABLE_DEBUG_INFO = INCLUDE_SOURCE;
				MTL_FAST_MATH = YES;
				ONLY_ACTIVE_ARCH = YES;
				SDKROOT = iphoneos;
				SWIFT_ACTIVE_COMPILATION_CONDITIONS = "DEBUG $(inherited)";
				SWIFT_OPTIMIZATION_LEVEL = "-Onone";
			};
			name = Debug;
		};
		C3BD85A32C57C99E00DCBF57 /* Release */ = {
			isa = XCBuildConfiguration;
			buildSettings = {
				ALWAYS_SEARCH_USER_PATHS = NO;
				ASSETCATALOG_COMPILER_GENERATE_SWIFT_ASSET_SYMBOL_EXTENSIONS = YES;
				CLANG_ANALYZER_NONNULL = YES;
				CLANG_ANALYZER_NUMBER_OBJECT_CONVERSION = YES_AGGRESSIVE;
				CLANG_CXX_LANGUAGE_STANDARD = "gnu++20";
				CLANG_ENABLE_MODULES = YES;
				CLANG_ENABLE_OBJC_ARC = YES;
				CLANG_ENABLE_OBJC_WEAK = YES;
				CLANG_WARN_BLOCK_CAPTURE_AUTORELEASING = YES;
				CLANG_WARN_BOOL_CONVERSION = YES;
				CLANG_WARN_COMMA = YES;
				CLANG_WARN_CONSTANT_CONVERSION = YES;
				CLANG_WARN_DEPRECATED_OBJC_IMPLEMENTATIONS = YES;
				CLANG_WARN_DIRECT_OBJC_ISA_USAGE = YES_ERROR;
				CLANG_WARN_DOCUMENTATION_COMMENTS = YES;
				CLANG_WARN_EMPTY_BODY = YES;
				CLANG_WARN_ENUM_CONVERSION = YES;
				CLANG_WARN_INFINITE_RECURSION = YES;
				CLANG_WARN_INT_CONVERSION = YES;
				CLANG_WARN_NON_LITERAL_NULL_CONVERSION = YES;
				CLANG_WARN_OBJC_IMPLICIT_RETAIN_SELF = YES;
				CLANG_WARN_OBJC_LITERAL_CONVERSION = YES;
				CLANG_WARN_OBJC_ROOT_CLASS = YES_ERROR;
				CLANG_WARN_QUOTED_INCLUDE_IN_FRAMEWORK_HEADER = YES;
				CLANG_WARN_RANGE_LOOP_ANALYSIS = YES;
				CLANG_WARN_STRICT_PROTOTYPES = YES;
				CLANG_WARN_SUSPICIOUS_MOVE = YES;
				CLANG_WARN_UNGUARDED_AVAILABILITY = YES_AGGRESSIVE;
				CLANG_WARN_UNREACHABLE_CODE = YES;
				CLANG_WARN__DUPLICATE_METHOD_MATCH = YES;
				COPY_PHASE_STRIP = NO;
				DEBUG_INFORMATION_FORMAT = "dwarf-with-dsym";
				ENABLE_NS_ASSERTIONS = NO;
				ENABLE_STRICT_OBJC_MSGSEND = YES;
				ENABLE_USER_SCRIPT_SANDBOXING = YES;
				GCC_C_LANGUAGE_STANDARD = gnu17;
				GCC_NO_COMMON_BLOCKS = YES;
				GCC_WARN_64_TO_32_BIT_CONVERSION = YES;
				GCC_WARN_ABOUT_RETURN_TYPE = YES_ERROR;
				GCC_WARN_UNDECLARED_SELECTOR = YES;
				GCC_WARN_UNINITIALIZED_AUTOS = YES_AGGRESSIVE;
				GCC_WARN_UNUSED_FUNCTION = YES;
				GCC_WARN_UNUSED_VARIABLE = YES;
				IPHONEOS_DEPLOYMENT_TARGET = 17.5;
				LOCALIZATION_PREFERS_STRING_CATALOGS = YES;
				MTL_ENABLE_DEBUG_INFO = NO;
				MTL_FAST_MATH = YES;
				SDKROOT = iphoneos;
				SWIFT_COMPILATION_MODE = wholemodule;
				VALIDATE_PRODUCT = YES;
			};
			name = Release;
		};
		C3BD85A52C57C99E00DCBF57 /* Debug */ = {
			isa = XCBuildConfiguration;
			buildSettings = {
				ASSETCATALOG_COMPILER_APPICON_NAME = AppIcon;
				ASSETCATALOG_COMPILER_GLOBAL_ACCENT_COLOR_NAME = AccentColor;
				CODE_SIGN_STYLE = Automatic;
				CURRENT_PROJECT_VERSION = 1;
				DEVELOPMENT_ASSET_PATHS = "\"AirBnBClone/Preview Content\"";
				DEVELOPMENT_TEAM = BXX45WK9S6;
				ENABLE_PREVIEWS = YES;
				GENERATE_INFOPLIST_FILE = YES;
				INFOPLIST_KEY_UIApplicationSceneManifest_Generation = YES;
				INFOPLIST_KEY_UIApplicationSupportsIndirectInputEvents = YES;
				INFOPLIST_KEY_UILaunchScreen_Generation = YES;
				INFOPLIST_KEY_UISupportedInterfaceOrientations_iPad = "UIInterfaceOrientationPortrait UIInterfaceOrientationPortraitUpsideDown UIInterfaceOrientationLandscapeLeft UIInterfaceOrientationLandscapeRight";
				INFOPLIST_KEY_UISupportedInterfaceOrientations_iPhone = "UIInterfaceOrientationPortrait UIInterfaceOrientationLandscapeLeft UIInterfaceOrientationLandscapeRight";
				LD_RUNPATH_SEARCH_PATHS = (
					"$(inherited)",
					"@executable_path/Frameworks",
				);
				MARKETING_VERSION = 1.0;
				PRODUCT_BUNDLE_IDENTIFIER = "Naleo-4.AirBnBClone";
				PRODUCT_NAME = "$(TARGET_NAME)";
				SWIFT_EMIT_LOC_STRINGS = YES;
				SWIFT_VERSION = 5.0;
				TARGETED_DEVICE_FAMILY = "1,2";
			};
			name = Debug;
		};
		C3BD85A62C57C99E00DCBF57 /* Release */ = {
			isa = XCBuildConfiguration;
			buildSettings = {
				ASSETCATALOG_COMPILER_APPICON_NAME = AppIcon;
				ASSETCATALOG_COMPILER_GLOBAL_ACCENT_COLOR_NAME = AccentColor;
				CODE_SIGN_STYLE = Automatic;
				CURRENT_PROJECT_VERSION = 1;
				DEVELOPMENT_ASSET_PATHS = "\"AirBnBClone/Preview Content\"";
				DEVELOPMENT_TEAM = BXX45WK9S6;
				ENABLE_PREVIEWS = YES;
				GENERATE_INFOPLIST_FILE = YES;
				INFOPLIST_KEY_UIApplicationSceneManifest_Generation = YES;
				INFOPLIST_KEY_UIApplicationSupportsIndirectInputEvents = YES;
				INFOPLIST_KEY_UILaunchScreen_Generation = YES;
				INFOPLIST_KEY_UISupportedInterfaceOrientations_iPad = "UIInterfaceOrientationPortrait UIInterfaceOrientationPortraitUpsideDown UIInterfaceOrientationLandscapeLeft UIInterfaceOrientationLandscapeRight";
				INFOPLIST_KEY_UISupportedInterfaceOrientations_iPhone = "UIInterfaceOrientationPortrait UIInterfaceOrientationLandscapeLeft UIInterfaceOrientationLandscapeRight";
				LD_RUNPATH_SEARCH_PATHS = (
					"$(inherited)",
					"@executable_path/Frameworks",
				);
				MARKETING_VERSION = 1.0;
				PRODUCT_BUNDLE_IDENTIFIER = "Naleo-4.AirBnBClone";
				PRODUCT_NAME = "$(TARGET_NAME)";
				SWIFT_EMIT_LOC_STRINGS = YES;
				SWIFT_VERSION = 5.0;
				TARGETED_DEVICE_FAMILY = "1,2";
			};
			name = Release;
		};
		C3BD85A82C57C99E00DCBF57 /* Debug */ = {
			isa = XCBuildConfiguration;
			buildSettings = {
				ALWAYS_EMBED_SWIFT_STANDARD_LIBRARIES = YES;
				BUNDLE_LOADER = "$(TEST_HOST)";
				CODE_SIGN_STYLE = Automatic;
				CURRENT_PROJECT_VERSION = 1;
				DEVELOPMENT_TEAM = BXX45WK9S6;
				GENERATE_INFOPLIST_FILE = YES;
				IPHONEOS_DEPLOYMENT_TARGET = 17.5;
				MARKETING_VERSION = 1.0;
				PRODUCT_BUNDLE_IDENTIFIER = "Naleo-4.AirBnBCloneTests";
				PRODUCT_NAME = "$(TARGET_NAME)";
				SWIFT_EMIT_LOC_STRINGS = NO;
				SWIFT_VERSION = 5.0;
				TARGETED_DEVICE_FAMILY = "1,2";
				TEST_HOST = "$(BUILT_PRODUCTS_DIR)/AirBnBClone.app/$(BUNDLE_EXECUTABLE_FOLDER_PATH)/AirBnBClone";
			};
			name = Debug;
		};
		C3BD85A92C57C99E00DCBF57 /* Release */ = {
			isa = XCBuildConfiguration;
			buildSettings = {
				ALWAYS_EMBED_SWIFT_STANDARD_LIBRARIES = YES;
				BUNDLE_LOADER = "$(TEST_HOST)";
				CODE_SIGN_STYLE = Automatic;
				CURRENT_PROJECT_VERSION = 1;
				DEVELOPMENT_TEAM = BXX45WK9S6;
				GENERATE_INFOPLIST_FILE = YES;
				IPHONEOS_DEPLOYMENT_TARGET = 17.5;
				MARKETING_VERSION = 1.0;
				PRODUCT_BUNDLE_IDENTIFIER = "Naleo-4.AirBnBCloneTests";
				PRODUCT_NAME = "$(TARGET_NAME)";
				SWIFT_EMIT_LOC_STRINGS = NO;
				SWIFT_VERSION = 5.0;
				TARGETED_DEVICE_FAMILY = "1,2";
				TEST_HOST = "$(BUILT_PRODUCTS_DIR)/AirBnBClone.app/$(BUNDLE_EXECUTABLE_FOLDER_PATH)/AirBnBClone";
			};
			name = Release;
		};
		C3BD85AB2C57C99E00DCBF57 /* Debug */ = {
			isa = XCBuildConfiguration;
			buildSettings = {
				ALWAYS_EMBED_SWIFT_STANDARD_LIBRARIES = YES;
				CODE_SIGN_STYLE = Automatic;
				CURRENT_PROJECT_VERSION = 1;
				DEVELOPMENT_TEAM = BXX45WK9S6;
				GENERATE_INFOPLIST_FILE = YES;
				MARKETING_VERSION = 1.0;
				PRODUCT_BUNDLE_IDENTIFIER = "Naleo-4.AirBnBCloneUITests";
				PRODUCT_NAME = "$(TARGET_NAME)";
				SWIFT_EMIT_LOC_STRINGS = NO;
				SWIFT_VERSION = 5.0;
				TARGETED_DEVICE_FAMILY = "1,2";
				TEST_TARGET_NAME = AirBnBClone;
			};
			name = Debug;
		};
		C3BD85AC2C57C99E00DCBF57 /* Release */ = {
			isa = XCBuildConfiguration;
			buildSettings = {
				ALWAYS_EMBED_SWIFT_STANDARD_LIBRARIES = YES;
				CODE_SIGN_STYLE = Automatic;
				CURRENT_PROJECT_VERSION = 1;
				DEVELOPMENT_TEAM = BXX45WK9S6;
				GENERATE_INFOPLIST_FILE = YES;
				MARKETING_VERSION = 1.0;
				PRODUCT_BUNDLE_IDENTIFIER = "Naleo-4.AirBnBCloneUITests";
				PRODUCT_NAME = "$(TARGET_NAME)";
				SWIFT_EMIT_LOC_STRINGS = NO;
				SWIFT_VERSION = 5.0;
				TARGETED_DEVICE_FAMILY = "1,2";
				TEST_TARGET_NAME = AirBnBClone;
			};
			name = Release;
		};
/* End XCBuildConfiguration section */

/* Begin XCConfigurationList section */
		C3BD857B2C57C99C00DCBF57 /* Build configuration list for PBXProject "AirBnBClone" */ = {
			isa = XCConfigurationList;
			buildConfigurations = (
				C3BD85A22C57C99E00DCBF57 /* Debug */,
				C3BD85A32C57C99E00DCBF57 /* Release */,
			);
			defaultConfigurationIsVisible = 0;
			defaultConfigurationName = Release;
		};
		C3BD85A42C57C99E00DCBF57 /* Build configuration list for PBXNativeTarget "AirBnBClone" */ = {
			isa = XCConfigurationList;
			buildConfigurations = (
				C3BD85A52C57C99E00DCBF57 /* Debug */,
				C3BD85A62C57C99E00DCBF57 /* Release */,
			);
			defaultConfigurationIsVisible = 0;
			defaultConfigurationName = Release;
		};
		C3BD85A72C57C99E00DCBF57 /* Build configuration list for PBXNativeTarget "AirBnBCloneTests" */ = {
			isa = XCConfigurationList;
			buildConfigurations = (
				C3BD85A82C57C99E00DCBF57 /* Debug */,
				C3BD85A92C57C99E00DCBF57 /* Release */,
			);
			defaultConfigurationIsVisible = 0;
			defaultConfigurationName = Release;
		};
		C3BD85AA2C57C99E00DCBF57 /* Build configuration list for PBXNativeTarget "AirBnBCloneUITests" */ = {
			isa = XCConfigurationList;
			buildConfigurations = (
				C3BD85AB2C57C99E00DCBF57 /* Debug */,
				C3BD85AC2C57C99E00DCBF57 /* Release */,
			);
			defaultConfigurationIsVisible = 0;
			defaultConfigurationName = Release;
		};
/* End XCConfigurationList section */
	};
	rootObject = C3BD85782C57C99C00DCBF57 /* Project object */;
}
